// !$*UTF8*$!
{
	archiveVersion = 1;
	classes = {
	};
	objectVersion = 46;
	objects = {

/* Begin PBXBuildFile section */
		013A1DC71E830A4600C9AA8C /* AppDelegate.swift in Sources */ = {isa = PBXBuildFile; fileRef = 013A1DC61E830A4600C9AA8C /* AppDelegate.swift */; };
		013A1DC91E830A4600C9AA8C /* ViewController.swift in Sources */ = {isa = PBXBuildFile; fileRef = 013A1DC81E830A4600C9AA8C /* ViewController.swift */; };
		013A1DCC1E830A4600C9AA8C /* Main.storyboard in Resources */ = {isa = PBXBuildFile; fileRef = 013A1DCA1E830A4600C9AA8C /* Main.storyboard */; };
		013A1DCE1E830A4600C9AA8C /* Assets.xcassets in Resources */ = {isa = PBXBuildFile; fileRef = 013A1DCD1E830A4600C9AA8C /* Assets.xcassets */; };
		013A1DD11E830A4600C9AA8C /* LaunchScreen.storyboard in Resources */ = {isa = PBXBuildFile; fileRef = 013A1DCF1E830A4600C9AA8C /* LaunchScreen.storyboard */; };
/* End PBXBuildFile section */

/* Begin PBXFileReference section */
		013A1DC31E830A4600C9AA8C /* RotLicht.app */ = {isa = PBXFileReference; explicitFileType = wrapper.application; includeInIndex = 0; path = RotLicht.app; sourceTree = BUILT_PRODUCTS_DIR; };
		013A1DC61E830A4600C9AA8C /* AppDelegate.swift */ = {isa = PBXFileReference; lastKnownFileType = sourcecode.swift; path = AppDelegate.swift; sourceTree = "<group>"; };
		013A1DC81E830A4600C9AA8C /* ViewController.swift */ = {isa = PBXFileReference; lastKnownFileType = sourcecode.swift; path = ViewController.swift; sourceTree = "<group>"; };
		013A1DCB1E830A4600C9AA8C /* Base */ = {isa = PBXFileReference; lastKnownFileType = file.storyboard; name = Base; path = Base.lproj/Main.storyboard; sourceTree = "<group>"; };
		013A1DCD1E830A4600C9AA8C /* Assets.xcassets */ = {isa = PBXFileReference; lastKnownFileType = folder.assetcatalog; path = Assets.xcassets; sourceTree = "<group>"; };
		013A1DD01E830A4600C9AA8C /* Base */ = {isa = PBXFileReference; lastKnownFileType = file.storyboard; name = Base; path = Base.lproj/LaunchScreen.storyboard; sourceTree = "<group>"; };
		013A1DD21E830A4600C9AA8C /* Info.plist */ = {isa = PBXFileReference; lastKnownFileType = text.plist.xml; path = Info.plist; sourceTree = "<group>"; };
/* End PBXFileReference section */

/* Begin PBXFrameworksBuildPhase section */
		013A1DC01E830A4600C9AA8C /* Frameworks */ = {
			isa = PBXFrameworksBuildPhase;
			buildActionMask = 2147483647;
			files = (
			);
			runOnlyForDeploymentPostprocessing = 0;
		};
/* End PBXFrameworksBuildPhase section */

/* Begin PBXGroup section */
		013A1DBA1E830A4600C9AA8C = {
			isa = PBXGroup;
			children = (
				013A1DC51E830A4600C9AA8C /* RotLicht */,
				013A1DC41E830A4600C9AA8C /* Products */,
			);
			sourceTree = "<group>";
		};
		013A1DC41E830A4600C9AA8C /* Products */ = {
			isa = PBXGroup;
			children = (
				013A1DC31E830A4600C9AA8C /* RotLicht.app */,
			);
			name = Products;
			sourceTree = "<group>";
		};
		013A1DC51E830A4600C9AA8C /* RotLicht */ = {
			isa = PBXGroup;
			children = (
				013A1DC61E830A4600C9AA8C /* AppDelegate.swift */,
				013A1DC81E830A4600C9AA8C /* ViewController.swift */,
				013A1DCA1E830A4600C9AA8C /* Main.storyboard */,
				013A1DCD1E830A4600C9AA8C /* Assets.xcassets */,
				013A1DCF1E830A4600C9AA8C /* LaunchScreen.storyboard */,
				013A1DD21E830A4600C9AA8C /* Info.plist */,
			);
			path = RotLicht;
			sourceTree = "<group>";
		};
/* End PBXGroup section */

/* Begin PBXNativeTarget section */
		013A1DC21E830A4600C9AA8C /* RotLicht */ = {
			isa = PBXNativeTarget;
			buildConfigurationList = 013A1DD51E830A4600C9AA8C /* Build configuration list for PBXNativeTarget "RotLicht" */;
			buildPhases = (
				013A1DBF1E830A4600C9AA8C /* Sources */,
				013A1DC01E830A4600C9AA8C /* Frameworks */,
				013A1DC11E830A4600C9AA8C /* Resources */,
			);
			buildRules = (
			);
			dependencies = (
			);
			name = RotLicht;
			productName = RotLicht;
			productReference = 013A1DC31E830A4600C9AA8C /* RotLicht.app */;
			productType = "com.apple.product-type.application";
		};
/* End PBXNativeTarget section */

/* Begin PBXProject section */
		013A1DBB1E830A4600C9AA8C /* Project object */ = {
			isa = PBXProject;
			attributes = {
				LastSwiftUpdateCheck = 0820;
				LastUpgradeCheck = 0820;
				ORGANIZATIONNAME = Fraking;
				TargetAttributes = {
					013A1DC21E830A4600C9AA8C = {
						CreatedOnToolsVersion = 8.2.1;
						DevelopmentTeam = 2F8TF898HB;
						ProvisioningStyle = Automatic;
					};
				};
			};
			buildConfigurationList = 013A1DBE1E830A4600C9AA8C /* Build configuration list for PBXProject "RotLicht" */;
			compatibilityVersion = "Xcode 3.2";
			developmentRegion = English;
			hasScannedForEncodings = 0;
			knownRegions = (
				en,
				Base,
			);
			mainGroup = 013A1DBA1E830A4600C9AA8C;
			productRefGroup = 013A1DC41E830A4600C9AA8C /* Products */;
			projectDirPath = "";
			projectRoot = "";
			targets = (
				013A1DC21E830A4600C9AA8C /* RotLicht */,
			);
		};
/* End PBXProject section */

/* Begin PBXResourcesBuildPhase section */
		013A1DC11E830A4600C9AA8C /* Resources */ = {
			isa = PBXResourcesBuildPhase;
			buildActionMask = 2147483647;
			files = (
				013A1DD11E830A4600C9AA8C /* LaunchScreen.storyboard in Resources */,
				013A1DCE1E830A4600C9AA8C /* Assets.xcassets in Resources */,
				013A1DCC1E830A4600C9AA8C /* Main.storyboard in Resources */,
			);
			runOnlyForDeploymentPostprocessing = 0;
		};
/* End PBXResourcesBuildPhase section */

/* Begin PBXSourcesBuildPhase section */
		013A1DBF1E830A4600C9AA8C /* Sources */ = {
			isa = PBXSourcesBuildPhase;
			buildActionMask = 2147483647;
			files = (
				013A1DC91E830A4600C9AA8C /* ViewController.swift in Sources */,
				013A1DC71E830A4600C9AA8C /* AppDelegate.swift in Sources */,
			);
			runOnlyForDeploymentPostprocessing = 0;
		};
/* End PBXSourcesBuildPhase section */

/* Begin PBXVariantGroup section */
		013A1DCA1E830A4600C9AA8C /* Main.storyboard */ = {
			isa = PBXVariantGroup;
			children = (
				013A1DCB1E830A4600C9AA8C /* Base */,
			);
			name = Main.storyboard;
			sourceTree = "<group>";
		};
		013A1DCF1E830A4600C9AA8C /* LaunchScreen.storyboard */ = {
			isa = PBXVariantGroup;
			children = (
				013A1DD01E830A4600C9AA8C /* Base */,
			);
			name = LaunchScreen.storyboard;
			sourceTree = "<group>";
		};
/* End PBXVariantGroup section */

/* Begin XCBuildConfiguration section */
		013A1DD31E830A4600C9AA8C /* Debug */ = {
			isa = XCBuildConfiguration;
			buildSettings = {
				ALWAYS_SEARCH_USER_PATHS = NO;
				CLANG_ANALYZER_NONNULL = YES;
				CLANG_CXX_LANGUAGE_STANDARD = "gnu++0x";
				CLANG_CXX_LIBRARY = "libc++";
				CLANG_ENABLE_MODULES = YES;
				CLANG_ENABLE_OBJC_ARC = YES;
				CLANG_WARN_BOOL_CONVERSION = YES;
				CLANG_WARN_CONSTANT_CONVERSION = YES;
				CLANG_WARN_DIRECT_OBJC_ISA_USAGE = YES_ERROR;
				CLANG_WARN_DOCUMENTATION_COMMENTS = YES;
				CLANG_WARN_EMPTY_BODY = YES;
				CLANG_WARN_ENUM_CONVERSION = YES;
				CLANG_WARN_INFINITE_RECURSION = YES;
				CLANG_WARN_INT_CONVERSION = YES;
				CLANG_WARN_OBJC_ROOT_CLASS = YES_ERROR;
				CLANG_WARN_SUSPICIOUS_MOVE = YES;
				CLANG_WARN_UNREACHABLE_CODE = YES;
				CLANG_WARN__DUPLICATE_METHOD_MATCH = YES;
				"CODE_SIGN_IDENTITY[sdk=iphoneos*]" = "iPhone Developer";
				COPY_PHASE_STRIP = NO;
				DEBUG_INFORMATION_FORMAT = dwarf;
				ENABLE_STRICT_OBJC_MSGSEND = YES;
				ENABLE_TESTABILITY = YES;
				GCC_C_LANGUAGE_STANDARD = gnu99;
				GCC_DYNAMIC_NO_PIC = NO;
				GCC_NO_COMMON_BLOCKS = YES;
				GCC_OPTIMIZATION_LEVEL = 0;
				GCC_PREPROCESSOR_DEFINITIONS = (
					"DEBUG=1",
					"$(inherited)",
				);
				GCC_WARN_64_TO_32_BIT_CONVERSION = YES;
				GCC_WARN_ABOUT_RETURN_TYPE = YES_ERROR;
				GCC_WARN_UNDECLARED_SELECTOR = YES;
				GCC_WARN_UNINITIALIZED_AUTOS = YES_AGGRESSIVE;
				GCC_WARN_UNUSED_FUNCTION = YES;
				GCC_WARN_UNUSED_VARIABLE = YES;
				IPHONEOS_DEPLOYMENT_TARGET = 10.2;
				MTL_ENABLE_DEBUG_INFO = YES;
				ONLY_ACTIVE_ARCH = YES;
				SDKROOT = iphoneos;
				SWIFT_ACTIVE_COMPILATION_CONDITIONS = DEBUG;
				SWIFT_OPTIMIZATION_LEVEL = "-Onone";
				TARGETED_DEVICE_FAMILY = "1,2";
			};
			name = Debug;
		};
		013A1DD41E830A4600C9AA8C /* Release */ = {
			isa = XCBuildConfiguration;
			buildSettings = {
				ALWAYS_SEARCH_USER_PATHS = NO;
				CLANG_ANALYZER_NONNULL = YES;
				CLANG_CXX_LANGUAGE_STANDARD = "gnu++0x";
				CLANG_CXX_LIBRARY = "libc++";
				CLANG_ENABLE_MODULES = YES;
				CLANG_ENABLE_OBJC_ARC = YES;
				CLANG_WARN_BOOL_CONVERSION = YES;
				CLANG_WARN_CONSTANT_CONVERSION = YES;
				CLANG_WARN_DIRECT_OBJC_ISA_USAGE = YES_ERROR;
				CLANG_WARN_DOCUMENTATION_COMMENTS = YES;
				CLANG_WARN_EMPTY_BODY = YES;
				CLANG_WARN_ENUM_CONVERSION = YES;
				CLANG_WARN_INFINITE_RECURSION = YES;
				CLANG_WARN_INT_CONVERSION = YES;
				CLANG_WARN_OBJC_ROOT_CLASS = YES_ERROR;
				CLANG_WARN_SUSPICIOUS_MOVE = YES;
				CLANG_WARN_UNREACHABLE_CODE = YES;
				CLANG_WARN__DUPLICATE_METHOD_MATCH = YES;
				"CODE_SIGN_IDENTITY[sdk=iphoneos*]" = "iPhone Developer";
				COPY_PHASE_STRIP = NO;
				DEBUG_INFORMATION_FORMAT = "dwarf-with-dsym";
				ENABLE_NS_ASSERTIONS = NO;
				ENABLE_STRICT_OBJC_MSGSEND = YES;
				GCC_C_LANGUAGE_STANDARD = gnu99;
				GCC_NO_COMMON_BLOCKS = YES;
				GCC_WARN_64_TO_32_BIT_CONVERSION = YES;
				GCC_WARN_ABOUT_RETURN_TYPE = YES_ERROR;
				GCC_WARN_UNDECLARED_SELECTOR = YES;
				GCC_WARN_UNINITIALIZED_AUTOS = YES_AGGRESSIVE;
				GCC_WARN_UNUSED_FUNCTION = YES;
				GCC_WARN_UNUSED_VARIABLE = YES;
				IPHONEOS_DEPLOYMENT_TARGET = 10.2;
				MTL_ENABLE_DEBUG_INFO = NO;
				SDKROOT = iphoneos;
				SWIFT_OPTIMIZATION_LEVEL = "-Owholemodule";
				TARGETED_DEVICE_FAMILY = "1,2";
				VALIDATE_PRODUCT = YES;
			};
			name = Release;
		};
		013A1DD61E830A4600C9AA8C /* Debug */ = {
			isa = XCBuildConfiguration;
			buildSettings = {
				ASSETCATALOG_COMPILER_APPICON_NAME = AppIcon;
				DEVELOPMENT_TEAM = 2F8TF898HB;
				INFOPLIST_FILE = RotLicht/Info.plist;
				LD_RUNPATH_SEARCH_PATHS = "$(inherited) @executable_path/Frameworks";
				PRODUCT_BUNDLE_IDENTIFIER = Fraking.RotLicht;
				PRODUCT_NAME = "$(TARGET_NAME)";
				SWIFT_VERSION = 3.0;
			};
			name = Debug;
		};
		013A1DD71E830A4600C9AA8C /* Release */ = {
			isa = XCBuildConfiguration;
			buildSettings = {
				ASSETCATALOG_COMPILER_APPICON_NAME = AppIcon;
				DEVELOPMENT_TEAM = 2F8TF898HB;
				INFOPLIST_FILE = RotLicht/Info.plist;
				LD_RUNPATH_SEARCH_PATHS = "$(inherited) @executable_path/Frameworks";
				PRODUCT_BUNDLE_IDENTIFIER = Fraking.RotLicht;
				PRODUCT_NAME = "$(TARGET_NAME)";
				SWIFT_VERSION = 3.0;
			};
			name = Release;
		};
/* End XCBuildConfiguration section */

/* Begin XCConfigurationList section */
		013A1DBE1E830A4600C9AA8C /* Build configuration list for PBXProject "RotLicht" */ = {
			isa = XCConfigurationList;
			buildConfigurations = (
				013A1DD31E830A4600C9AA8C /* Debug */,
				013A1DD41E830A4600C9AA8C /* Release */,
			);
			defaultConfigurationIsVisible = 0;
			defaultConfigurationName = Release;
		};
		013A1DD51E830A4600C9AA8C /* Build configuration list for PBXNativeTarget "RotLicht" */ = {
			isa = XCConfigurationList;
			buildConfigurations = (
				013A1DD61E830A4600C9AA8C /* Debug */,
				013A1DD71E830A4600C9AA8C /* Release */,
			);
			defaultConfigurationIsVisible = 0;
		};
/* End XCConfigurationList section */
	};
	rootObject = 013A1DBB1E830A4600C9AA8C /* Project object */;
}
